// !$*UTF8*$!
{
	archiveVersion = 1;
	classes = {
	};
	objectVersion = 45;
	objects = {

/* Begin PBXAggregateTarget section */
		1EF3C7D411539BD0001B82F7 /* D for Xcode.mpkg */ = {
			isa = PBXAggregateTarget;
			buildConfigurationList = 1EF3C7D811539BD8001B82F7 /* Build configuration list for PBXAggregateTarget "D for Xcode.mpkg" */;
			buildPhases = (
				1EF3C7D311539BD0001B82F7 /* Prepare Contents */,
				1EF3CBFA11555EDF001B82F7 /* Create Package */,
			);
			dependencies = (
				1EF3C7E21153A777001B82F7 /* PBXTargetDependency */,
				1EF3C7E01153A774001B82F7 /* PBXTargetDependency */,
				1EF3C7DE1153A772001B82F7 /* PBXTargetDependency */,
			);
			name = "D for Xcode.mpkg";
			productName = Packaging;
		};
/* End PBXAggregateTarget section */

/* Begin PBXBuildFile section */
		1E01E47A0DED6B7E00CE9033 /* DXDNumberScannerTest.m in Sources */ = {isa = PBXBuildFile; fileRef = 1E01E4790DED6B7D00CE9033 /* DXDNumberScannerTest.m */; };
		1E01E4930DED70C800CE9033 /* DXScannerTools.m in Sources */ = {isa = PBXBuildFile; fileRef = 1E01E4920DED70C800CE9033 /* DXScannerTools.m */; };
		1E0226F30D4CB2E0004C9141 /* d.xcsynspec in Resources */ = {isa = PBXBuildFile; fileRef = 1E0226F20D4CB2E0004C9141 /* d.xcsynspec */; };
		1E0C22720CEFF80000989F51 /* dplugin.icns in Resources */ = {isa = PBXBuildFile; fileRef = 1E01E18F0CED3DB000C97561 /* dplugin.icns */; };
		1E1A1AC80CC571F7005B9B65 /* d.xctxtmacro in Resources */ = {isa = PBXBuildFile; fileRef = 1E6BF4140CAF52AD0022460C /* d.xctxtmacro */; };
		1E1A8A6A108223CE0028BDB9 /* DXBaseLexer.mm in Sources */ = {isa = PBXBuildFile; fileRef = 1E1A8A69108223CE0028BDB9 /* DXBaseLexer.mm */; };
		1E1AB21E1082C0F40077430C /* DXBaseLexerTest.mm in Sources */ = {isa = PBXBuildFile; fileRef = 1E1AB21B1082C0E60077430C /* DXBaseLexerTest.mm */; };
		1E1AB2391082C61D0077430C /* DXBaseLexer.mm in Sources */ = {isa = PBXBuildFile; fileRef = 1E1A8A69108223CE0028BDB9 /* DXBaseLexer.mm */; };
		1E1AB2421082C6440077430C /* DXDependencyScanner.mm in Sources */ = {isa = PBXBuildFile; fileRef = 1E6BED2C0CAE7A760022460C /* DXDependencyScanner.mm */; };
		1E1CA8E20CEF8FFD008CB8B5 /* DX-option-language-d.png in Resources */ = {isa = PBXBuildFile; fileRef = 1E1CA8E10CEF8FFD008CB8B5 /* DX-option-language-d.png */; };
		1E1D9D5C10222B8D006DE134 /* com.michelf.dxcode.dmd.strings in Resources */ = {isa = PBXBuildFile; fileRef = 1E1D9D5A10222B8D006DE134 /* com.michelf.dxcode.dmd.strings */; };
		1E1FCFA7101DD7B400D2919D /* dmd1.xcspec in Resources */ = {isa = PBXBuildFile; fileRef = 1E1FCFA5101DD7B400D2919D /* dmd1.xcspec */; };
		1E1FCFA8101DD7B400D2919D /* dmd1.pbcompspec in Resources */ = {isa = PBXBuildFile; fileRef = 1E1FCFA6101DD7B400D2919D /* dmd1.pbcompspec */; };
		1E1FCFAC101DDC9200D2919D /* dmd2.pbcompspec in Resources */ = {isa = PBXBuildFile; fileRef = 1E1FCFAA101DDC9200D2919D /* dmd2.pbcompspec */; };
		1E1FCFAD101DDC9200D2919D /* dmd2.xcspec in Resources */ = {isa = PBXBuildFile; fileRef = 1E1FCFAB101DDC9200D2919D /* dmd2.xcspec */; };
		1E23D7380CED5488005859B9 /* Launcher.c in Sources */ = {isa = PBXBuildFile; fileRef = 1E23D7250CED53AA005859B9 /* Launcher.c */; };
		1E23D73A0CED548E005859B9 /* difile.icns in Resources */ = {isa = PBXBuildFile; fileRef = 1E536EF50CEC8A1E002E86F7 /* difile.icns */; };
		1E2A19530DF0FF7700C8A956 /* Release Notes.txt in Resources */ = {isa = PBXBuildFile; fileRef = 1E2A19520DF0FF7700C8A956 /* Release Notes.txt */; };
		1E30765B1078EFBD00ED4D31 /* DXDStringScannerTest.m in Sources */ = {isa = PBXBuildFile; fileRef = 1E3076551078EE1F00ED4D31 /* DXDStringScannerTest.m */; };
		1E3077BC1079A56D00ED4D31 /* DXDStringScanner.m in Sources */ = {isa = PBXBuildFile; fileRef = 1E3076471078E36200ED4D31 /* DXDStringScanner.m */; };
		1E33C6A60CEF82BE00D4FB11 /* D for Xcode Launcher.app in Resources */ = {isa = PBXBuildFile; fileRef = 1E23D71A0CED5365005859B9 /* D for Xcode Launcher.app */; };
		1E3428230CEDC8A30072B499 /* ApplicationServices.framework in Frameworks */ = {isa = PBXBuildFile; fileRef = 1E3428220CEDC8A30072B499 /* ApplicationServices.framework */; };
		1E3D305F0DEE4DD800AE867B /* DXScannerTools.m in Sources */ = {isa = PBXBuildFile; fileRef = 1E01E4920DED70C800CE9033 /* DXScannerTools.m */; };
		1E42460812BE66E200CF7386 /* D for Xcode.xcplugindata in Resources */ = {isa = PBXBuildFile; fileRef = 1E4245FE12BE650800CF7386 /* D for Xcode.xcplugindata */; };
		1E65A6390E3192B000AF8BB7 /* PBX-di-Icon.png in Resources */ = {isa = PBXBuildFile; fileRef = 1E65A6350E3192A300AF8BB7 /* PBX-di-Icon.png */; };
		1E65A63A0E3192B000AF8BB7 /* PBX-d-Icon.png in Resources */ = {isa = PBXBuildFile; fileRef = 1E65A6360E3192A300AF8BB7 /* PBX-d-Icon.png */; };
		1E67105C100988A700361CC2 /* DXFileTypeSetup.m in Sources */ = {isa = PBXBuildFile; fileRef = 1E67105B100988A700361CC2 /* DXFileTypeSetup.m */; };
		1E68F1FE0D4B6E58008144DB /* gdc.xcspec in Resources */ = {isa = PBXBuildFile; fileRef = 1E68F1FD0D4B6E58008144DB /* gdc.xcspec */; };
		1E6BED340CAE7BF80022460C /* DXDependencyScanner.mm in Sources */ = {isa = PBXBuildFile; fileRef = 1E6BED2C0CAE7A760022460C /* DXDependencyScanner.mm */; };
		1E6D1D130CEF734700DD3D4F /* DXIconSetup.m in Sources */ = {isa = PBXBuildFile; fileRef = 1E6D1D0F0CEF733700DD3D4F /* DXIconSetup.m */; };
		1E7179330CB13DE300E82F1C /* DXCompilerSpecificationGDC.m in Sources */ = {isa = PBXBuildFile; fileRef = 1E6BEBF40CADF7D40022460C /* DXCompilerSpecificationGDC.m */; };
		1E7857A3101F6FA000FA2061 /* dmd2.pblinkspec in Resources */ = {isa = PBXBuildFile; fileRef = 1E7857A2101F6FA000FA2061 /* dmd2.pblinkspec */; };
		1E811B940D4BCCF300ECB7DC /* d.xclangspec in Resources */ = {isa = PBXBuildFile; fileRef = 1E655FD20D39CF8A00141EEC /* d.xclangspec */; };
		1E8672380CC9A5A300DB0990 /* com.michelf.dxcode.gdc.strings in Resources */ = {isa = PBXBuildFile; fileRef = 1E8672360CC9A5A300DB0990 /* com.michelf.dxcode.gdc.strings */; };
		1E87EAE90CEF7D040038D2D3 /* dfile.icns in Resources */ = {isa = PBXBuildFile; fileRef = 1E536EEA0CEC76F2002E86F7 /* dfile.icns */; };
		1E87EAF30CEF7E910038D2D3 /* PBX-d-small-Icon.png in Resources */ = {isa = PBXBuildFile; fileRef = 1E87EAEB0CEF7E880038D2D3 /* PBX-d-small-Icon.png */; };
		1E87EAF40CEF7E910038D2D3 /* PBX-di-Icon-old.png in Resources */ = {isa = PBXBuildFile; fileRef = 1E87EAEC0CEF7E880038D2D3 /* PBX-di-Icon-old.png */; };
		1E87EAF50CEF7E920038D2D3 /* PBX-di-small-Icon.png in Resources */ = {isa = PBXBuildFile; fileRef = 1E87EAED0CEF7E880038D2D3 /* PBX-di-small-Icon.png */; };
		1E87EAF60CEF7E930038D2D3 /* PBX-d-Icon-old.png in Resources */ = {isa = PBXBuildFile; fileRef = 1E87EAEE0CEF7E880038D2D3 /* PBX-d-Icon-old.png */; };
		1EAD1BAB1019BAD000C21009 /* dmd.xcspec in Resources */ = {isa = PBXBuildFile; fileRef = 1EAD1BAA1019BAD000C21009 /* dmd.xcspec */; };
		1EAD1BB01019BC1400C21009 /* DXCompilerSpecificationDMD.m in Sources */ = {isa = PBXBuildFile; fileRef = 1EAD1BAF1019BC1400C21009 /* DXCompilerSpecificationDMD.m */; };
		1EAD1BB61019BE1700C21009 /* dmd.pbcompspec in Resources */ = {isa = PBXBuildFile; fileRef = 1EAD1BB41019BE1700C21009 /* dmd.pbcompspec */; };
		1EAD1BB71019BE1700C21009 /* dmd1.pblinkspec in Resources */ = {isa = PBXBuildFile; fileRef = 1EAD1BB51019BE1700C21009 /* dmd1.pblinkspec */; };
		1EB39F64129F6B890023A89F /* DXDNumberScanner.m in Sources */ = {isa = PBXBuildFile; fileRef = 1EF9B80B0D8A986800AF150C /* DXDNumberScanner.m */; };
		1EB39F65129F6B8B0023A89F /* DXDSourceLexer.mm in Sources */ = {isa = PBXBuildFile; fileRef = 1E6BF3CE0CAF493C0022460C /* DXDSourceLexer.mm */; };
		1EC647BB0DABA8D400DD52F0 /* SenTestingKit.framework in Frameworks */ = {isa = PBXBuildFile; fileRef = 1EC647BA0DABA8D400DD52F0 /* SenTestingKit.framework */; };
		1EC647D80DABA8FF00DD52F0 /* Cocoa.framework in Frameworks */ = {isa = PBXBuildFile; fileRef = 1058C7ADFEA557BF11CA2CBB /* Cocoa.framework */; };
		1ECA60C10CF7CB2F006CECB1 /* DXLauncherRegistration.m in Sources */ = {isa = PBXBuildFile; fileRef = 1E1AC00B0CF68A970014F648 /* DXLauncherRegistration.m */; };
		1ECD120D107105FD00CFD074 /* Cocoa.framework in Frameworks */ = {isa = PBXBuildFile; fileRef = 1058C7ADFEA557BF11CA2CBB /* Cocoa.framework */; };
		1ECD1236107107A800CFD074 /* DXUISetup.m in Sources */ = {isa = PBXBuildFile; fileRef = 1ECD1235107107A800CFD074 /* DXUISetup.m */; };
		1ECD12481071092400CFD074 /* D for Xcode UI.bundle in Resources */ = {isa = PBXBuildFile; fileRef = 1ECD1230107105FD00CFD074 /* D for Xcode UI.bundle */; };
		1ECD13211072513D00CFD074 /* DXDCommentScanner.m in Sources */ = {isa = PBXBuildFile; fileRef = 1EED03CE10528687001CA3B8 /* DXDCommentScanner.m */; };
		1ED40E260CF001C3005C46B3 /* InfoPlist.strings in Resources */ = {isa = PBXBuildFile; fileRef = 1ED40E250CF001C3005C46B3 /* InfoPlist.strings */; };
		1EDC1114105289000087E1DF /* DXDCommentScannerTest.m in Sources */ = {isa = PBXBuildFile; fileRef = 1EDC1111105287FB0087E1DF /* DXDCommentScannerTest.m */; };
		1EF2EE3D0CEEAAA600DD7A7D /* Carbon.framework in Frameworks */ = {isa = PBXBuildFile; fileRef = 1EF2EE3C0CEEAAA600DD7A7D /* Carbon.framework */; };
		1EF3C76011529976001B82F7 /* dmd-redirect.c in Sources */ = {isa = PBXBuildFile; fileRef = 1EF3C751115297DA001B82F7 /* dmd-redirect.c */; };
		1EF3C77311529A2F001B82F7 /* dmd-redirect.c in Sources */ = {isa = PBXBuildFile; fileRef = 1EF3C751115297DA001B82F7 /* dmd-redirect.c */; };
		1EFC53D50CC4D6B000B03C7E /* gdc.pblinkspec in Resources */ = {isa = PBXBuildFile; fileRef = 6DB1DD8408B3A289004F6FFB /* gdc.pblinkspec */; };
		6DB1DD8C08B3A289004F6FFB /* d.xcbuildrules in Resources */ = {isa = PBXBuildFile; fileRef = 6DB1DD8108B3A289004F6FFB /* d.xcbuildrules */; };
		6DB1DD9008B3A289004F6FFB /* d.pblangspec in Resources */ = {isa = PBXBuildFile; fileRef = 6DB1DD8508B3A289004F6FFB /* d.pblangspec */; };
		6DB1DD9108B3A289004F6FFB /* d.pbfilespec in Resources */ = {isa = PBXBuildFile; fileRef = 6DB1DD8608B3A289004F6FFB /* d.pbfilespec */; };
		6DB1DD9208B3A289004F6FFB /* gdc.pbcompspec in Resources */ = {isa = PBXBuildFile; fileRef = 6DB1DD8708B3A289004F6FFB /* gdc.pbcompspec */; };
		6DD2FA0908C39D51003CE4D3 /* XCPBuildSystem.m in Sources */ = {isa = PBXBuildFile; fileRef = 6DD2FA0808C39D51003CE4D3 /* XCPBuildSystem.m */; };
		8D5B49B4048680CD000E48DA /* Cocoa.framework in Frameworks */ = {isa = PBXBuildFile; fileRef = 1058C7ADFEA557BF11CA2CBB /* Cocoa.framework */; };
/* End PBXBuildFile section */

/* Begin PBXContainerItemProxy section */
		1E23D7220CED538F005859B9 /* PBXContainerItemProxy */ = {
			isa = PBXContainerItemProxy;
			containerPortal = 089C1669FE841209C02AAC07 /* Project object */;
			proxyType = 1;
			remoteGlobalIDString = 1E23D7190CED5365005859B9;
			remoteInfo = "Icon Registrator";
		};
		1ECD1243107108D400CFD074 /* PBXContainerItemProxy */ = {
			isa = PBXContainerItemProxy;
			containerPortal = 089C1669FE841209C02AAC07 /* Project object */;
			proxyType = 1;
			remoteGlobalIDString = 1ECD11F7107105FD00CFD074;
			remoteInfo = "D for Xcode UI";
		};
		1EF3C7DD1153A772001B82F7 /* PBXContainerItemProxy */ = {
			isa = PBXContainerItemProxy;
			containerPortal = 089C1669FE841209C02AAC07 /* Project object */;
			proxyType = 1;
			remoteGlobalIDString = 1EF3C77111529A2F001B82F7;
			remoteInfo = "dmd2-redirect";
		};
		1EF3C7DF1153A774001B82F7 /* PBXContainerItemProxy */ = {
			isa = PBXContainerItemProxy;
			containerPortal = 089C1669FE841209C02AAC07 /* Project object */;
			proxyType = 1;
			remoteGlobalIDString = 1EF3C75A115298B8001B82F7;
			remoteInfo = "dmd1-redirect";
		};
		1EF3C7E11153A777001B82F7 /* PBXContainerItemProxy */ = {
			isa = PBXContainerItemProxy;
			containerPortal = 089C1669FE841209C02AAC07 /* Project object */;
			proxyType = 1;
			remoteGlobalIDString = 8D5B49AC048680CD000E48DA;
			remoteInfo = "D for Xcode";
		};
		1EF3C8251153AAF3001B82F7 /* PBXContainerItemProxy */ = {
			isa = PBXContainerItemProxy;
			containerPortal = 089C1669FE841209C02AAC07 /* Project object */;
			proxyType = 1;
			remoteGlobalIDString = 1EC647B30DABA85300DD52F0;
			remoteInfo = "Unit Tests";
		};
/* End PBXContainerItemProxy section */

/* Begin PBXFileReference section */
		1058C7ADFEA557BF11CA2CBB /* Cocoa.framework */ = {isa = PBXFileReference; lastKnownFileType = wrapper.framework; name = Cocoa.framework; path = /System/Library/Frameworks/Cocoa.framework; sourceTree = "<absolute>"; };
		1E01E18F0CED3DB000C97561 /* dplugin.icns */ = {isa = PBXFileReference; lastKnownFileType = image.icns; path = dplugin.icns; sourceTree = "<group>"; };
		1E01E4780DED6B7D00CE9033 /* DXDNumberScannerTest.h */ = {isa = PBXFileReference; fileEncoding = 4; lastKnownFileType = sourcecode.c.h; path = DXDNumberScannerTest.h; sourceTree = "<group>"; };
		1E01E4790DED6B7D00CE9033 /* DXDNumberScannerTest.m */ = {isa = PBXFileReference; fileEncoding = 4; lastKnownFileType = sourcecode.c.objc; path = DXDNumberScannerTest.m; sourceTree = "<group>"; };
		1E01E4920DED70C800CE9033 /* DXScannerTools.m */ = {isa = PBXFileReference; fileEncoding = 4; lastKnownFileType = sourcecode.c.objc; path = DXScannerTools.m; sourceTree = "<group>"; };
		1E01E4940DED711100CE9033 /* DXScannerTools.h */ = {isa = PBXFileReference; fileEncoding = 4; lastKnownFileType = sourcecode.c.h; path = DXScannerTools.h; sourceTree = "<group>"; };
		1E0226F20D4CB2E0004C9141 /* d.xcsynspec */ = {isa = PBXFileReference; fileEncoding = 4; lastKnownFileType = text; path = d.xcsynspec; sourceTree = "<group>"; };
		1E1A8A68108223CE0028BDB9 /* DXBaseLexer.h */ = {isa = PBXFileReference; fileEncoding = 4; lastKnownFileType = sourcecode.c.h; path = DXBaseLexer.h; sourceTree = "<group>"; };
		1E1A8A69108223CE0028BDB9 /* DXBaseLexer.mm */ = {isa = PBXFileReference; fileEncoding = 4; lastKnownFileType = sourcecode.cpp.objcpp; path = DXBaseLexer.mm; sourceTree = "<group>"; };
		1E1AB21A1082C0E60077430C /* DXBaseLexerTest.h */ = {isa = PBXFileReference; fileEncoding = 4; lastKnownFileType = sourcecode.c.h; path = DXBaseLexerTest.h; sourceTree = "<group>"; };
		1E1AB21B1082C0E60077430C /* DXBaseLexerTest.mm */ = {isa = PBXFileReference; fileEncoding = 4; lastKnownFileType = sourcecode.cpp.objcpp; path = DXBaseLexerTest.mm; sourceTree = "<group>"; };
		1E1AC00A0CF68A970014F648 /* DXLauncherRegistration.h */ = {isa = PBXFileReference; fileEncoding = 4; lastKnownFileType = sourcecode.c.h; path = DXLauncherRegistration.h; sourceTree = "<group>"; };
		1E1AC00B0CF68A970014F648 /* DXLauncherRegistration.m */ = {isa = PBXFileReference; fileEncoding = 4; lastKnownFileType = sourcecode.c.objc; path = DXLauncherRegistration.m; sourceTree = "<group>"; };
		1E1CA8E10CEF8FFD008CB8B5 /* DX-option-language-d.png */ = {isa = PBXFileReference; lastKnownFileType = image.png; path = "DX-option-language-d.png"; sourceTree = "<group>"; };
		1E1D9D5B10222B8D006DE134 /* English */ = {isa = PBXFileReference; fileEncoding = 4; lastKnownFileType = text.plist.strings; name = English; path = English.lproj/com.michelf.dxcode.dmd.strings; sourceTree = "<group>"; };
		1E1FCFA5101DD7B400D2919D /* dmd1.xcspec */ = {isa = PBXFileReference; fileEncoding = 4; lastKnownFileType = text.plist.xcspec; path = dmd1.xcspec; sourceTree = "<group>"; };
		1E1FCFA6101DD7B400D2919D /* dmd1.pbcompspec */ = {isa = PBXFileReference; fileEncoding = 4; lastKnownFileType = text; path = dmd1.pbcompspec; sourceTree = "<group>"; };
		1E1FCFAA101DDC9200D2919D /* dmd2.pbcompspec */ = {isa = PBXFileReference; fileEncoding = 4; lastKnownFileType = text; path = dmd2.pbcompspec; sourceTree = "<group>"; };
		1E1FCFAB101DDC9200D2919D /* dmd2.xcspec */ = {isa = PBXFileReference; fileEncoding = 4; lastKnownFileType = text.plist.xcspec; path = dmd2.xcspec; sourceTree = "<group>"; };
		1E23D71A0CED5365005859B9 /* D for Xcode Launcher.app */ = {isa = PBXFileReference; explicitFileType = wrapper.application; includeInIndex = 0; path = "D for Xcode Launcher.app"; sourceTree = BUILT_PRODUCTS_DIR; };
		1E23D71C0CED5365005859B9 /* Info.plist */ = {isa = PBXFileReference; lastKnownFileType = text.plist.xml; path = Info.plist; sourceTree = "<group>"; };
		1E23D7250CED53AA005859B9 /* Launcher.c */ = {isa = PBXFileReference; fileEncoding = 4; lastKnownFileType = sourcecode.c.c; path = Launcher.c; sourceTree = "<group>"; };
		1E2A19520DF0FF7700C8A956 /* Release Notes.txt */ = {isa = PBXFileReference; fileEncoding = 4; lastKnownFileType = text; path = "Release Notes.txt"; sourceTree = "<group>"; };
		1E3075A11078B98A00ED4D31 /* XCSourceModelItem.h */ = {isa = PBXFileReference; fileEncoding = 4; lastKnownFileType = sourcecode.c.h; name = XCSourceModelItem.h; path = Headers/XCSourceModelItem.h; sourceTree = "<group>"; };
		1E3075A21078B9A000ED4D31 /* XCCharStream.h */ = {isa = PBXFileReference; fileEncoding = 4; lastKnownFileType = sourcecode.c.h; name = XCCharStream.h; path = Headers/XCCharStream.h; sourceTree = "<group>"; };
		1E3076461078E36200ED4D31 /* DXDStringScanner.h */ = {isa = PBXFileReference; fileEncoding = 4; lastKnownFileType = sourcecode.c.h; path = DXDStringScanner.h; sourceTree = "<group>"; };
		1E3076471078E36200ED4D31 /* DXDStringScanner.m */ = {isa = PBXFileReference; fileEncoding = 4; lastKnownFileType = sourcecode.c.objc; path = DXDStringScanner.m; sourceTree = "<group>"; };
		1E3076541078EE1F00ED4D31 /* DXDStringScannerTest.h */ = {isa = PBXFileReference; fileEncoding = 4; lastKnownFileType = sourcecode.c.h; path = DXDStringScannerTest.h; sourceTree = "<group>"; };
		1E3076551078EE1F00ED4D31 /* DXDStringScannerTest.m */ = {isa = PBXFileReference; fileEncoding = 4; lastKnownFileType = sourcecode.c.objc; path = DXDStringScannerTest.m; sourceTree = "<group>"; };
		1E3428220CEDC8A30072B499 /* ApplicationServices.framework */ = {isa = PBXFileReference; lastKnownFileType = wrapper.framework; name = ApplicationServices.framework; path = /System/Library/Frameworks/ApplicationServices.framework; sourceTree = "<absolute>"; };
		1E4245FE12BE650800CF7386 /* D for Xcode.xcplugindata */ = {isa = PBXFileReference; explicitFileType = text.plist; fileEncoding = 4; lineEnding = 0; path = "D for Xcode.xcplugindata"; sourceTree = "<group>"; };
		1E536EEA0CEC76F2002E86F7 /* dfile.icns */ = {isa = PBXFileReference; lastKnownFileType = image.icns; path = dfile.icns; sourceTree = "<group>"; };
		1E536EF50CEC8A1E002E86F7 /* difile.icns */ = {isa = PBXFileReference; lastKnownFileType = image.icns; path = difile.icns; sourceTree = "<group>"; };
		1E655FD20D39CF8A00141EEC /* d.xclangspec */ = {isa = PBXFileReference; explicitFileType = text.plist.xcspec; fileEncoding = 4; path = d.xclangspec; sourceTree = "<group>"; };
		1E65A6350E3192A300AF8BB7 /* PBX-di-Icon.png */ = {isa = PBXFileReference; lastKnownFileType = image.png; path = "PBX-di-Icon.png"; sourceTree = "<group>"; };
		1E65A6360E3192A300AF8BB7 /* PBX-d-Icon.png */ = {isa = PBXFileReference; lastKnownFileType = image.png; path = "PBX-d-Icon.png"; sourceTree = "<group>"; };
		1E67105A100988A700361CC2 /* DXFileTypeSetup.h */ = {isa = PBXFileReference; fileEncoding = 4; lastKnownFileType = sourcecode.c.h; path = DXFileTypeSetup.h; sourceTree = "<group>"; };
		1E67105B100988A700361CC2 /* DXFileTypeSetup.m */ = {isa = PBXFileReference; fileEncoding = 4; lastKnownFileType = sourcecode.c.objc; path = DXFileTypeSetup.m; sourceTree = "<group>"; };
		1E68F1FD0D4B6E58008144DB /* gdc.xcspec */ = {isa = PBXFileReference; fileEncoding = 4; lastKnownFileType = text.plist.xcspec; path = gdc.xcspec; sourceTree = "<group>"; };
		1E6951450CF30FA200C137EF /* License - GPL 2.0.txt */ = {isa = PBXFileReference; fileEncoding = 4; lastKnownFileType = text; path = "License - GPL 2.0.txt"; sourceTree = "<group>"; };
		1E6BEBF30CADF7D40022460C /* DXCompilerSpecificationGDC.h */ = {isa = PBXFileReference; fileEncoding = 4; lastKnownFileType = sourcecode.c.h; path = DXCompilerSpecificationGDC.h; sourceTree = "<group>"; };
		1E6BEBF40CADF7D40022460C /* DXCompilerSpecificationGDC.m */ = {isa = PBXFileReference; fileEncoding = 4; lastKnownFileType = sourcecode.c.objc; path = DXCompilerSpecificationGDC.m; sourceTree = "<group>"; };
		1E6BED2B0CAE7A760022460C /* DXDependencyScanner.h */ = {isa = PBXFileReference; fileEncoding = 4; lastKnownFileType = sourcecode.c.h; path = DXDependencyScanner.h; sourceTree = "<group>"; };
		1E6BED2C0CAE7A760022460C /* DXDependencyScanner.mm */ = {isa = PBXFileReference; fileEncoding = 4; lastKnownFileType = sourcecode.cpp.objcpp; path = DXDependencyScanner.mm; sourceTree = "<group>"; };
		1E6BF3CD0CAF493C0022460C /* DXDSourceLexer.h */ = {isa = PBXFileReference; fileEncoding = 4; lastKnownFileType = sourcecode.c.h; path = DXDSourceLexer.h; sourceTree = "<group>"; };
		1E6BF3CE0CAF493C0022460C /* DXDSourceLexer.mm */ = {isa = PBXFileReference; fileEncoding = 4; lastKnownFileType = sourcecode.cpp.objcpp; path = DXDSourceLexer.mm; sourceTree = "<group>"; };
		1E6BF4140CAF52AD0022460C /* d.xctxtmacro */ = {isa = PBXFileReference; fileEncoding = 4; lastKnownFileType = text.plist.xctxtmacro; path = d.xctxtmacro; sourceTree = "<group>"; };
		1E6D1D0E0CEF733700DD3D4F /* DXIconSetup.h */ = {isa = PBXFileReference; fileEncoding = 4; lastKnownFileType = sourcecode.c.h; path = DXIconSetup.h; sourceTree = "<group>"; };
		1E6D1D0F0CEF733700DD3D4F /* DXIconSetup.m */ = {isa = PBXFileReference; fileEncoding = 4; lastKnownFileType = sourcecode.c.objc; path = DXIconSetup.m; sourceTree = "<group>"; };
		1E7857A2101F6FA000FA2061 /* dmd2.pblinkspec */ = {isa = PBXFileReference; fileEncoding = 4; lastKnownFileType = text; path = dmd2.pblinkspec; sourceTree = "<group>"; };
		1E8672370CC9A5A300DB0990 /* English */ = {isa = PBXFileReference; fileEncoding = 4; lastKnownFileType = text.plist.strings; name = English; path = English.lproj/com.michelf.dxcode.gdc.strings; sourceTree = "<group>"; };
		1E87EAEB0CEF7E880038D2D3 /* PBX-d-small-Icon.png */ = {isa = PBXFileReference; lastKnownFileType = image.png; path = "PBX-d-small-Icon.png"; sourceTree = "<group>"; };
		1E87EAEC0CEF7E880038D2D3 /* PBX-di-Icon-old.png */ = {isa = PBXFileReference; lastKnownFileType = image.png; path = "PBX-di-Icon-old.png"; sourceTree = "<group>"; };
		1E87EAED0CEF7E880038D2D3 /* PBX-di-small-Icon.png */ = {isa = PBXFileReference; lastKnownFileType = image.png; path = "PBX-di-small-Icon.png"; sourceTree = "<group>"; };
		1E87EAEE0CEF7E880038D2D3 /* PBX-d-Icon-old.png */ = {isa = PBXFileReference; lastKnownFileType = image.png; path = "PBX-d-Icon-old.png"; sourceTree = "<group>"; };
		1EAD1BAA1019BAD000C21009 /* dmd.xcspec */ = {isa = PBXFileReference; fileEncoding = 4; lastKnownFileType = text.plist.xcspec; path = dmd.xcspec; sourceTree = "<group>"; };
		1EAD1BAE1019BC1400C21009 /* DXCompilerSpecificationDMD.h */ = {isa = PBXFileReference; fileEncoding = 4; lastKnownFileType = sourcecode.c.h; path = DXCompilerSpecificationDMD.h; sourceTree = "<group>"; };
		1EAD1BAF1019BC1400C21009 /* DXCompilerSpecificationDMD.m */ = {isa = PBXFileReference; fileEncoding = 4; lastKnownFileType = sourcecode.c.objc; path = DXCompilerSpecificationDMD.m; sourceTree = "<group>"; };
		1EAD1BB41019BE1700C21009 /* dmd.pbcompspec */ = {isa = PBXFileReference; fileEncoding = 4; lastKnownFileType = text; path = dmd.pbcompspec; sourceTree = "<group>"; };
		1EAD1BB51019BE1700C21009 /* dmd1.pblinkspec */ = {isa = PBXFileReference; fileEncoding = 4; lastKnownFileType = text; path = dmd1.pblinkspec; sourceTree = "<group>"; };
		1EC647B40DABA85300DD52F0 /* Unit Tests.octest */ = {isa = PBXFileReference; explicitFileType = wrapper.cfbundle; includeInIndex = 0; path = "Unit Tests.octest"; sourceTree = BUILT_PRODUCTS_DIR; };
		1EC647B50DABA85300DD52F0 /* Unit Tests-Info.plist */ = {isa = PBXFileReference; lastKnownFileType = text.plist.xml; path = "Unit Tests-Info.plist"; sourceTree = SOURCE_ROOT; };
		1EC647BA0DABA8D400DD52F0 /* SenTestingKit.framework */ = {isa = PBXFileReference; lastKnownFileType = wrapper.framework; name = SenTestingKit.framework; path = /Xcode3.0/Library/Frameworks/SenTestingKit.framework; sourceTree = "<absolute>"; };
		1ECD1230107105FD00CFD074 /* D for Xcode UI.bundle */ = {isa = PBXFileReference; explicitFileType = wrapper.cfbundle; includeInIndex = 0; path = "D for Xcode UI.bundle"; sourceTree = BUILT_PRODUCTS_DIR; };
		1ECD1234107107A800CFD074 /* DXUISetup.h */ = {isa = PBXFileReference; fileEncoding = 4; lastKnownFileType = sourcecode.c.h; path = DXUISetup.h; sourceTree = "<group>"; };
		1ECD1235107107A800CFD074 /* DXUISetup.m */ = {isa = PBXFileReference; fileEncoding = 4; lastKnownFileType = sourcecode.c.objc; path = DXUISetup.m; sourceTree = "<group>"; };
		1ED40E210CF001B0005C46B3 /* English */ = {isa = PBXFileReference; fileEncoding = 4; lastKnownFileType = text.plist.strings; name = English; path = English.lproj/InfoPlist.strings; sourceTree = "<group>"; };
		1EDC1110105287FB0087E1DF /* DXDCommentScannerTest.h */ = {isa = PBXFileReference; fileEncoding = 4; lastKnownFileType = sourcecode.c.h; path = DXDCommentScannerTest.h; sourceTree = "<group>"; };
		1EDC1111105287FB0087E1DF /* DXDCommentScannerTest.m */ = {isa = PBXFileReference; fileEncoding = 4; lastKnownFileType = sourcecode.c.objc; path = DXDCommentScannerTest.m; sourceTree = "<group>"; };
		1EED03CD10528687001CA3B8 /* DXDCommentScanner.h */ = {isa = PBXFileReference; fileEncoding = 4; lastKnownFileType = sourcecode.c.h; path = DXDCommentScanner.h; sourceTree = "<group>"; };
		1EED03CE10528687001CA3B8 /* DXDCommentScanner.m */ = {isa = PBXFileReference; fileEncoding = 4; lastKnownFileType = sourcecode.c.objc; path = DXDCommentScanner.m; sourceTree = "<group>"; };
		1EF2EE3C0CEEAAA600DD7A7D /* Carbon.framework */ = {isa = PBXFileReference; lastKnownFileType = wrapper.framework; name = Carbon.framework; path = /System/Library/Frameworks/Carbon.framework; sourceTree = "<absolute>"; };
		1EF3C751115297DA001B82F7 /* dmd-redirect.c */ = {isa = PBXFileReference; fileEncoding = 4; lastKnownFileType = sourcecode.c.c; path = "dmd-redirect.c"; sourceTree = "<group>"; };
		1EF3C75B115298B8001B82F7 /* dmd1-redirect */ = {isa = PBXFileReference; explicitFileType = "compiled.mach-o.executable"; includeInIndex = 0; path = "dmd1-redirect"; sourceTree = BUILT_PRODUCTS_DIR; };
		1EF3C77811529A2F001B82F7 /* dmd2-redirect */ = {isa = PBXFileReference; explicitFileType = "compiled.mach-o.executable"; includeInIndex = 0; path = "dmd2-redirect"; sourceTree = BUILT_PRODUCTS_DIR; };
		1EF3C93B1155023A001B82F7 /* D for Xcode.pmdoc */ = {isa = PBXFileReference; explicitFileType = wrapper; path = "D for Xcode.pmdoc"; sourceTree = "<group>"; };
		1EF3C949115502BD001B82F7 /* dmd1download.sh */ = {isa = PBXFileReference; fileEncoding = 4; lastKnownFileType = text.script.sh; path = dmd1download.sh; sourceTree = "<group>"; };
		1EF3C94A115502BD001B82F7 /* dmd1link.sh */ = {isa = PBXFileReference; fileEncoding = 4; lastKnownFileType = text.script.sh; path = dmd1link.sh; sourceTree = "<group>"; };
		1EF3C94B115502BD001B82F7 /* dmd2download.sh */ = {isa = PBXFileReference; fileEncoding = 4; lastKnownFileType = text.script.sh; path = dmd2download.sh; sourceTree = "<group>"; };
		1EF3C94C115502BD001B82F7 /* dmd2link.sh */ = {isa = PBXFileReference; fileEncoding = 4; lastKnownFileType = text.script.sh; path = dmd2link.sh; sourceTree = "<group>"; };
		1EF3C978115506EC001B82F7 /* Templates */ = {isa = PBXFileReference; lastKnownFileType = folder; path = Templates; sourceTree = "<group>"; };
		1EF3CA49115507A7001B82F7 /* prepare-contents.sh */ = {isa = PBXFileReference; fileEncoding = 4; lastKnownFileType = text.script.sh; path = "prepare-contents.sh"; sourceTree = "<group>"; };
		1EF3CA4A11550BD3001B82F7 /* setdmd.sh */ = {isa = PBXFileReference; fileEncoding = 4; lastKnownFileType = text.script.sh; path = setdmd.sh; sourceTree = "<group>"; };
		1EF3CA70115517B9001B82F7 /* Prepared Contents */ = {isa = PBXFileReference; lastKnownFileType = folder; path = "Prepared Contents"; sourceTree = "<group>"; };
		1EF3CBA311555D73001B82F7 /* Intro.rtf */ = {isa = PBXFileReference; lastKnownFileType = text.rtf; path = Intro.rtf; sourceTree = "<group>"; };
		1EF3CBA411555D73001B82F7 /* ReadMe.rtf */ = {isa = PBXFileReference; lastKnownFileType = text.rtf; path = ReadMe.rtf; sourceTree = "<group>"; };
		1EF3CBA611555D73001B82F7 /* Intro.rtf */ = {isa = PBXFileReference; lastKnownFileType = text.rtf; path = Intro.rtf; sourceTree = "<group>"; };
		1EF3CBA711555D73001B82F7 /* ReadMe.rtf */ = {isa = PBXFileReference; lastKnownFileType = text.rtf; path = ReadMe.rtf; sourceTree = "<group>"; };
		1EF3CBB911555E16001B82F7 /* d-xcode-installer.png */ = {isa = PBXFileReference; lastKnownFileType = image.png; path = "d-xcode-installer.png"; sourceTree = "<group>"; };
		1EF3CBF711555EBE001B82F7 /* D for Xcode.mpkg */ = {isa = PBXFileReference; lastKnownFileType = "wrapper.installer-mpkg"; path = "D for Xcode.mpkg"; sourceTree = BUILT_PRODUCTS_DIR; };
		1EF9B7EB0D8A245100AF150C /* XC3PSourceParsing.h */ = {isa = PBXFileReference; fileEncoding = 4; lastKnownFileType = sourcecode.c.h; name = XC3PSourceParsing.h; path = Headers/XC3PSourceParsing.h; sourceTree = "<group>"; };
		1EF9B80A0D8A986800AF150C /* DXDNumberScanner.h */ = {isa = PBXFileReference; fileEncoding = 4; lastKnownFileType = sourcecode.c.h; path = DXDNumberScanner.h; sourceTree = "<group>"; };
		1EF9B80B0D8A986800AF150C /* DXDNumberScanner.m */ = {isa = PBXFileReference; fileEncoding = 4; lastKnownFileType = sourcecode.c.objc; path = DXDNumberScanner.m; sourceTree = "<group>"; };
		6D209C3F08EBCC2300E52803 /* XCPSupport.h */ = {isa = PBXFileReference; fileEncoding = 5; lastKnownFileType = sourcecode.c.h; name = XCPSupport.h; path = Headers/XCPSupport.h; sourceTree = "<group>"; };
		6D2505A908B95F2F0035335F /* XCPBuildSystem.h */ = {isa = PBXFileReference; fileEncoding = 5; lastKnownFileType = sourcecode.c.h; name = XCPBuildSystem.h; path = Headers/XCPBuildSystem.h; sourceTree = "<group>"; };
		6D2505AA08B95F2F0035335F /* XCPDependencyGraph.h */ = {isa = PBXFileReference; fileEncoding = 5; lastKnownFileType = sourcecode.c.h; name = XCPDependencyGraph.h; path = Headers/XCPDependencyGraph.h; sourceTree = "<group>"; };
		6D2505AB08B95F2F0035335F /* XCPSpecifications.h */ = {isa = PBXFileReference; fileEncoding = 5; lastKnownFileType = sourcecode.c.h; name = XCPSpecifications.h; path = Headers/XCPSpecifications.h; sourceTree = "<group>"; };
		6D2505AC08B95F2F0035335F /* XCPOutputParsing.h */ = {isa = PBXFileReference; fileEncoding = 5; lastKnownFileType = sourcecode.c.h; name = XCPOutputParsing.h; path = Headers/XCPOutputParsing.h; sourceTree = "<group>"; };
		6D2A653708EAFD9800D551FC /* XCPSourceParsing.h */ = {isa = PBXFileReference; fileEncoding = 5; lastKnownFileType = sourcecode.c.h; name = XCPSourceParsing.h; path = Headers/XCPSourceParsing.h; sourceTree = "<group>"; };
		6DB1DD8108B3A289004F6FFB /* d.xcbuildrules */ = {isa = PBXFileReference; explicitFileType = text.plist; fileEncoding = 4; path = d.xcbuildrules; sourceTree = "<group>"; };
		6DB1DD8408B3A289004F6FFB /* gdc.pblinkspec */ = {isa = PBXFileReference; explicitFileType = text.plist; fileEncoding = 4; path = gdc.pblinkspec; sourceTree = "<group>"; };
		6DB1DD8508B3A289004F6FFB /* d.pblangspec */ = {isa = PBXFileReference; fileEncoding = 4; lastKnownFileType = text.plist.pblangspec; path = d.pblangspec; sourceTree = "<group>"; };
		6DB1DD8608B3A289004F6FFB /* d.pbfilespec */ = {isa = PBXFileReference; fileEncoding = 4; lastKnownFileType = text.plist.pbfilespec; path = d.pbfilespec; sourceTree = "<group>"; };
		6DB1DD8708B3A289004F6FFB /* gdc.pbcompspec */ = {isa = PBXFileReference; explicitFileType = text.plist; fileEncoding = 4; path = gdc.pbcompspec; sourceTree = "<group>"; };
		6DB1DD8808B3A289004F6FFB /* Info.plist */ = {isa = PBXFileReference; fileEncoding = 4; lastKnownFileType = text.plist.xml; path = Info.plist; sourceTree = "<group>"; };
		6DB1DDED08B3A33A004F6FFB /* D for Xcode.xcplugin */ = {isa = PBXFileReference; explicitFileType = wrapper.cfbundle; includeInIndex = 0; path = "D for Xcode.xcplugin"; sourceTree = BUILT_PRODUCTS_DIR; };
		6DD2FA0808C39D51003CE4D3 /* XCPBuildSystem.m */ = {isa = PBXFileReference; fileEncoding = 5; lastKnownFileType = sourcecode.c.objc; name = XCPBuildSystem.m; path = Headers/XCPBuildSystem.m; sourceTree = "<group>"; };
/* End PBXFileReference section */

/* Begin PBXFrameworksBuildPhase section */
		1E23D7180CED5365005859B9 /* Frameworks */ = {
			isa = PBXFrameworksBuildPhase;
			buildActionMask = 2147483647;
			files = (
				1E3428230CEDC8A30072B499 /* ApplicationServices.framework in Frameworks */,
				1EF2EE3D0CEEAAA600DD7A7D /* Carbon.framework in Frameworks */,
			);
			runOnlyForDeploymentPostprocessing = 0;
		};
		1EC647B10DABA85300DD52F0 /* Frameworks */ = {
			isa = PBXFrameworksBuildPhase;
			buildActionMask = 2147483647;
			files = (
				1EC647BB0DABA8D400DD52F0 /* SenTestingKit.framework in Frameworks */,
				1EC647D80DABA8FF00DD52F0 /* Cocoa.framework in Frameworks */,
			);
			runOnlyForDeploymentPostprocessing = 0;
		};
		1ECD120C107105FD00CFD074 /* Frameworks */ = {
			isa = PBXFrameworksBuildPhase;
			buildActionMask = 2147483647;
			files = (
				1ECD120D107105FD00CFD074 /* Cocoa.framework in Frameworks */,
			);
			runOnlyForDeploymentPostprocessing = 0;
		};
		1EF3C759115298B8001B82F7 /* Frameworks */ = {
			isa = PBXFrameworksBuildPhase;
			buildActionMask = 2147483647;
			files = (
			);
			runOnlyForDeploymentPostprocessing = 0;
		};
		1EF3C77411529A2F001B82F7 /* Frameworks */ = {
			isa = PBXFrameworksBuildPhase;
			buildActionMask = 2147483647;
			files = (
			);
			runOnlyForDeploymentPostprocessing = 0;
		};
		8D5B49B3048680CD000E48DA /* Frameworks */ = {
			isa = PBXFrameworksBuildPhase;
			buildActionMask = 2147483647;
			files = (
				8D5B49B4048680CD000E48DA /* Cocoa.framework in Frameworks */,
			);
			runOnlyForDeploymentPostprocessing = 0;
		};
/* End PBXFrameworksBuildPhase section */

/* Begin PBXGroup section */
		089C166AFE841209C02AAC07 /* OCamlPlugin */ = {
			isa = PBXGroup;
			children = (
				1E6951450CF30FA200C137EF /* License - GPL 2.0.txt */,
				1E2A19520DF0FF7700C8A956 /* Release Notes.txt */,
				6D209C4508EBCCC800E52803 /* Xcode API */,
				089C167CFE841241C02AAC07 /* Resources */,
				1E6BEBF90CADF7DD0022460C /* Sources */,
				1E01E4770DED6B7D00CE9033 /* Unit Tests */,
				1E23D7320CED53C2005859B9 /* Launcher App */,
				1EF3C750115297DA001B82F7 /* Installer */,
				089C1671FE841209C02AAC07 /* Frameworks and Libraries */,
				19C28FB8FE9D52D311CA2CBB /* Products */,
			);
			name = OCamlPlugin;
			sourceTree = "<group>";
		};
		089C1671FE841209C02AAC07 /* Frameworks and Libraries */ = {
			isa = PBXGroup;
			children = (
				1E3428220CEDC8A30072B499 /* ApplicationServices.framework */,
				1EF2EE3C0CEEAAA600DD7A7D /* Carbon.framework */,
				1058C7ADFEA557BF11CA2CBB /* Cocoa.framework */,
				1EC647BA0DABA8D400DD52F0 /* SenTestingKit.framework */,
			);
			name = "Frameworks and Libraries";
			sourceTree = "<group>";
		};
		089C167CFE841241C02AAC07 /* Resources */ = {
			isa = PBXGroup;
			children = (
				1E01E18F0CED3DB000C97561 /* dplugin.icns */,
				1E536EEA0CEC76F2002E86F7 /* dfile.icns */,
				1E536EF50CEC8A1E002E86F7 /* difile.icns */,
				1E65A6360E3192A300AF8BB7 /* PBX-d-Icon.png */,
				1E87EAEE0CEF7E880038D2D3 /* PBX-d-Icon-old.png */,
				1E87EAEB0CEF7E880038D2D3 /* PBX-d-small-Icon.png */,
				1E65A6350E3192A300AF8BB7 /* PBX-di-Icon.png */,
				1E87EAEC0CEF7E880038D2D3 /* PBX-di-Icon-old.png */,
				1E87EAED0CEF7E880038D2D3 /* PBX-di-small-Icon.png */,
				1E1CA8E10CEF8FFD008CB8B5 /* DX-option-language-d.png */,
				6DB1DD8808B3A289004F6FFB /* Info.plist */,
				1ED40E250CF001C3005C46B3 /* InfoPlist.strings */,
				1E8672360CC9A5A300DB0990 /* com.michelf.dxcode.gdc.strings */,
				1E1D9D5A10222B8D006DE134 /* com.michelf.dxcode.dmd.strings */,
				6DB1DD8608B3A289004F6FFB /* d.pbfilespec */,
				6DB1DD8508B3A289004F6FFB /* d.pblangspec */,
				1E655FD20D39CF8A00141EEC /* d.xclangspec */,
				1E0226F20D4CB2E0004C9141 /* d.xcsynspec */,
				1E6BF4140CAF52AD0022460C /* d.xctxtmacro */,
				6DB1DD8108B3A289004F6FFB /* d.xcbuildrules */,
				1E1FCFA5101DD7B400D2919D /* dmd1.xcspec */,
				1E1FCFA6101DD7B400D2919D /* dmd1.pbcompspec */,
				1EAD1BB51019BE1700C21009 /* dmd1.pblinkspec */,
				1E1FCFAB101DDC9200D2919D /* dmd2.xcspec */,
				1E1FCFAA101DDC9200D2919D /* dmd2.pbcompspec */,
				1E7857A2101F6FA000FA2061 /* dmd2.pblinkspec */,
				1EAD1BAA1019BAD000C21009 /* dmd.xcspec */,
				1EAD1BB41019BE1700C21009 /* dmd.pbcompspec */,
				1E68F1FD0D4B6E58008144DB /* gdc.xcspec */,
				6DB1DD8708B3A289004F6FFB /* gdc.pbcompspec */,
				6DB1DD8408B3A289004F6FFB /* gdc.pblinkspec */,
				1E4245FE12BE650800CF7386 /* D for Xcode.xcplugindata */,
			);
			path = Resources;
			sourceTree = "<group>";
		};
		19C28FB8FE9D52D311CA2CBB /* Products */ = {
			isa = PBXGroup;
			children = (
				6DB1DDED08B3A33A004F6FFB /* D for Xcode.xcplugin */,
				1ECD1230107105FD00CFD074 /* D for Xcode UI.bundle */,
				1E23D71A0CED5365005859B9 /* D for Xcode Launcher.app */,
				1EC647B40DABA85300DD52F0 /* Unit Tests.octest */,
				1EF3C75B115298B8001B82F7 /* dmd1-redirect */,
				1EF3C77811529A2F001B82F7 /* dmd2-redirect */,
				1EF3CBF711555EBE001B82F7 /* D for Xcode.mpkg */,
			);
			name = Products;
			sourceTree = "<group>";
		};
		1E01E4770DED6B7D00CE9033 /* Unit Tests */ = {
			isa = PBXGroup;
			children = (
				1E01E4780DED6B7D00CE9033 /* DXDNumberScannerTest.h */,
				1E01E4790DED6B7D00CE9033 /* DXDNumberScannerTest.m */,
				1EDC1110105287FB0087E1DF /* DXDCommentScannerTest.h */,
				1EDC1111105287FB0087E1DF /* DXDCommentScannerTest.m */,
				1E3076541078EE1F00ED4D31 /* DXDStringScannerTest.h */,
				1E3076551078EE1F00ED4D31 /* DXDStringScannerTest.m */,
				1E1AB21A1082C0E60077430C /* DXBaseLexerTest.h */,
				1E1AB21B1082C0E60077430C /* DXBaseLexerTest.mm */,
				1EC647B50DABA85300DD52F0 /* Unit Tests-Info.plist */,
			);
			path = "Unit Tests";
			sourceTree = "<group>";
		};
		1E23D7320CED53C2005859B9 /* Launcher App */ = {
			isa = PBXGroup;
			children = (
				1E23D71C0CED5365005859B9 /* Info.plist */,
				1E23D7250CED53AA005859B9 /* Launcher.c */,
			);
			path = "Launcher App";
			sourceTree = "<group>";
		};
		1E6BEBF90CADF7DD0022460C /* Sources */ = {
			isa = PBXGroup;
			children = (
				1E1A8A68108223CE0028BDB9 /* DXBaseLexer.h */,
				1E1A8A69108223CE0028BDB9 /* DXBaseLexer.mm */,
				1E6BED2B0CAE7A760022460C /* DXDependencyScanner.h */,
				1E6BED2C0CAE7A760022460C /* DXDependencyScanner.mm */,
				1E01E4940DED711100CE9033 /* DXScannerTools.h */,
				1E01E4920DED70C800CE9033 /* DXScannerTools.m */,
				1EAD1BAE1019BC1400C21009 /* DXCompilerSpecificationDMD.h */,
				1EAD1BAF1019BC1400C21009 /* DXCompilerSpecificationDMD.m */,
				1E6BEBF30CADF7D40022460C /* DXCompilerSpecificationGDC.h */,
				1E6BEBF40CADF7D40022460C /* DXCompilerSpecificationGDC.m */,
				1EF9B80A0D8A986800AF150C /* DXDNumberScanner.h */,
				1EF9B80B0D8A986800AF150C /* DXDNumberScanner.m */,
				1EED03CD10528687001CA3B8 /* DXDCommentScanner.h */,
				1EED03CE10528687001CA3B8 /* DXDCommentScanner.m */,
				1E3076461078E36200ED4D31 /* DXDStringScanner.h */,
				1E3076471078E36200ED4D31 /* DXDStringScanner.m */,
				1E6BF3CD0CAF493C0022460C /* DXDSourceLexer.h */,
				1E6BF3CE0CAF493C0022460C /* DXDSourceLexer.mm */,
				1E67105A100988A700361CC2 /* DXFileTypeSetup.h */,
				1E67105B100988A700361CC2 /* DXFileTypeSetup.m */,
				1E6D1D0E0CEF733700DD3D4F /* DXIconSetup.h */,
				1E6D1D0F0CEF733700DD3D4F /* DXIconSetup.m */,
				1E1AC00A0CF68A970014F648 /* DXLauncherRegistration.h */,
				1E1AC00B0CF68A970014F648 /* DXLauncherRegistration.m */,
				1ECD1234107107A800CFD074 /* DXUISetup.h */,
				1ECD1235107107A800CFD074 /* DXUISetup.m */,
			);
			path = Sources;
			sourceTree = "<group>";
		};
		1EF3C750115297DA001B82F7 /* Installer */ = {
			isa = PBXGroup;
			children = (
				1EF3C751115297DA001B82F7 /* dmd-redirect.c */,
				1EF3C978115506EC001B82F7 /* Templates */,
				1EF3CA4A11550BD3001B82F7 /* setdmd.sh */,
				1EF3CA49115507A7001B82F7 /* prepare-contents.sh */,
				1EF3CA70115517B9001B82F7 /* Prepared Contents */,
				1EF3C93B1155023A001B82F7 /* D for Xcode.pmdoc */,
				1EF3CBB911555E16001B82F7 /* d-xcode-installer.png */,
				1EF3CBA211555D73001B82F7 /* English */,
				1EF3CBA511555D73001B82F7 /* French */,
				1EF3C94B115502BD001B82F7 /* dmd2download.sh */,
				1EF3C94C115502BD001B82F7 /* dmd2link.sh */,
				1EF3C949115502BD001B82F7 /* dmd1download.sh */,
				1EF3C94A115502BD001B82F7 /* dmd1link.sh */,
			);
			path = Installer;
			sourceTree = "<group>";
		};
		1EF3CBA211555D73001B82F7 /* English */ = {
			isa = PBXGroup;
			children = (
				1EF3CBA311555D73001B82F7 /* Intro.rtf */,
				1EF3CBA411555D73001B82F7 /* ReadMe.rtf */,
			);
			path = English;
			sourceTree = "<group>";
		};
		1EF3CBA511555D73001B82F7 /* French */ = {
			isa = PBXGroup;
			children = (
				1EF3CBA611555D73001B82F7 /* Intro.rtf */,
				1EF3CBA711555D73001B82F7 /* ReadMe.rtf */,
			);
			path = French;
			sourceTree = "<group>";
		};
		6D209C4508EBCCC800E52803 /* Xcode API */ = {
			isa = PBXGroup;
			children = (
				6D2505A908B95F2F0035335F /* XCPBuildSystem.h */,
				6DD2FA0808C39D51003CE4D3 /* XCPBuildSystem.m */,
				6D2505AA08B95F2F0035335F /* XCPDependencyGraph.h */,
				6D2505AB08B95F2F0035335F /* XCPSpecifications.h */,
				6D2505AC08B95F2F0035335F /* XCPOutputParsing.h */,
				6D2A653708EAFD9800D551FC /* XCPSourceParsing.h */,
				1EF9B7EB0D8A245100AF150C /* XC3PSourceParsing.h */,
				6D209C3F08EBCC2300E52803 /* XCPSupport.h */,
				1E3075A11078B98A00ED4D31 /* XCSourceModelItem.h */,
				1E3075A21078B9A000ED4D31 /* XCCharStream.h */,
			);
			name = "Xcode API";
			sourceTree = "<group>";
		};
/* End PBXGroup section */

/* Begin PBXNativeTarget section */
		1E23D7190CED5365005859B9 /* D for Xcode Launcher */ = {
			isa = PBXNativeTarget;
			buildConfigurationList = 1E23D71D0CED5366005859B9 /* Build configuration list for PBXNativeTarget "D for Xcode Launcher" */;
			buildPhases = (
				1E23D7160CED5365005859B9 /* Resources */,
				1E23D7170CED5365005859B9 /* Sources */,
				1E23D7180CED5365005859B9 /* Frameworks */,
			);
			buildRules = (
			);
			dependencies = (
			);
			name = "D for Xcode Launcher";
			productName = "Icon Registrator";
			productReference = 1E23D71A0CED5365005859B9 /* D for Xcode Launcher.app */;
			productType = "com.apple.product-type.application";
		};
		1EC647B30DABA85300DD52F0 /* Unit Tests */ = {
			isa = PBXNativeTarget;
			buildConfigurationList = 1EC647B90DABA85900DD52F0 /* Build configuration list for PBXNativeTarget "Unit Tests" */;
			buildPhases = (
				1EC647AF0DABA85300DD52F0 /* Resources */,
				1EC647B00DABA85300DD52F0 /* Sources */,
				1EC647B10DABA85300DD52F0 /* Frameworks */,
				1EC647B20DABA85300DD52F0 /* ShellScript */,
			);
			buildRules = (
			);
			dependencies = (
			);
			name = "Unit Tests";
			productName = "Unit Tests";
			productReference = 1EC647B40DABA85300DD52F0 /* Unit Tests.octest */;
			productType = "com.apple.product-type.bundle";
		};
		1ECD11F7107105FD00CFD074 /* D for Xcode UI */ = {
			isa = PBXNativeTarget;
			buildConfigurationList = 1ECD122D107105FD00CFD074 /* Build configuration list for PBXNativeTarget "D for Xcode UI" */;
			buildPhases = (
				1ECD11FE107105FD00CFD074 /* Sources */,
				1ECD120C107105FD00CFD074 /* Frameworks */,
				1ECD120F107105FD00CFD074 /* Resources */,
			);
			buildRules = (
			);
			dependencies = (
			);
			name = "D for Xcode UI";
			productInstallPath = "$(HOME)/Library/Bundles";
			productName = OCamlPlugin;
			productReference = 1ECD1230107105FD00CFD074 /* D for Xcode UI.bundle */;
			productType = "com.apple.product-type.bundle";
		};
		1EF3C75A115298B8001B82F7 /* dmd1-redirect */ = {
			isa = PBXNativeTarget;
			buildConfigurationList = 1EF3C75F115298D7001B82F7 /* Build configuration list for PBXNativeTarget "dmd1-redirect" */;
			buildPhases = (
				1EF3C758115298B8001B82F7 /* Sources */,
				1EF3C759115298B8001B82F7 /* Frameworks */,
			);
			buildRules = (
			);
			dependencies = (
			);
			name = "dmd1-redirect";
			productName = "dmd-redirect";
			productReference = 1EF3C75B115298B8001B82F7 /* dmd1-redirect */;
			productType = "com.apple.product-type.tool";
		};
		1EF3C77111529A2F001B82F7 /* dmd2-redirect */ = {
			isa = PBXNativeTarget;
			buildConfigurationList = 1EF3C77511529A2F001B82F7 /* Build configuration list for PBXNativeTarget "dmd2-redirect" */;
			buildPhases = (
				1EF3C77211529A2F001B82F7 /* Sources */,
				1EF3C77411529A2F001B82F7 /* Frameworks */,
			);
			buildRules = (
			);
			dependencies = (
			);
			name = "dmd2-redirect";
			productName = "dmd-redirect";
			productReference = 1EF3C77811529A2F001B82F7 /* dmd2-redirect */;
			productType = "com.apple.product-type.tool";
		};
		8D5B49AC048680CD000E48DA /* D for Xcode */ = {
			isa = PBXNativeTarget;
			buildConfigurationList = 6D4E1A5D08560B2700084599 /* Build configuration list for PBXNativeTarget "D for Xcode" */;
			buildPhases = (
				8D5B49B1048680CD000E48DA /* Sources */,
				8D5B49B3048680CD000E48DA /* Frameworks */,
				8D5B49AF048680CD000E48DA /* Resources */,
				6DC2AF6E0A33728000AA574F /* Install Custom Icon */,
			);
			buildRules = (
			);
			dependencies = (
				1EF3C8261153AAF3001B82F7 /* PBXTargetDependency */,
				1ECD1244107108D400CFD074 /* PBXTargetDependency */,
				1E23D7230CED538F005859B9 /* PBXTargetDependency */,
			);
			name = "D for Xcode";
			productInstallPath = "$(HOME)/Library/Bundles";
			productName = OCamlPlugin;
			productReference = 6DB1DDED08B3A33A004F6FFB /* D for Xcode.xcplugin */;
			productType = "com.apple.product-type.bundle";
		};
/* End PBXNativeTarget section */

/* Begin PBXProject section */
		089C1669FE841209C02AAC07 /* Project object */ = {
			isa = PBXProject;
			attributes = {
				BuildIndependentTargetsInParallel = YES;
			};
			buildConfigurationList = 6D4E1A6108560B2700084599 /* Build configuration list for PBXProject "D for Xcode" */;
			compatibilityVersion = "Xcode 3.1";
			hasScannedForEncodings = 1;
			mainGroup = 089C166AFE841209C02AAC07 /* OCamlPlugin */;
			projectDirPath = "";
			projectRoot = "";
			targets = (
				8D5B49AC048680CD000E48DA /* D for Xcode */,
				1ECD11F7107105FD00CFD074 /* D for Xcode UI */,
				1E23D7190CED5365005859B9 /* D for Xcode Launcher */,
				1EC647B30DABA85300DD52F0 /* Unit Tests */,
				1EF3C75A115298B8001B82F7 /* dmd1-redirect */,
				1EF3C77111529A2F001B82F7 /* dmd2-redirect */,
				1EF3C7D411539BD0001B82F7 /* D for Xcode.mpkg */,
			);
		};
/* End PBXProject section */

/* Begin PBXResourcesBuildPhase section */
		1E23D7160CED5365005859B9 /* Resources */ = {
			isa = PBXResourcesBuildPhase;
			buildActionMask = 2147483647;
			files = (
				1E23D73A0CED548E005859B9 /* difile.icns in Resources */,
				1E87EAE90CEF7D040038D2D3 /* dfile.icns in Resources */,
				1E0C22720CEFF80000989F51 /* dplugin.icns in Resources */,
			);
			runOnlyForDeploymentPostprocessing = 0;
		};
		1EC647AF0DABA85300DD52F0 /* Resources */ = {
			isa = PBXResourcesBuildPhase;
			buildActionMask = 2147483647;
			files = (
				1E2A19530DF0FF7700C8A956 /* Release Notes.txt in Resources */,
			);
			runOnlyForDeploymentPostprocessing = 0;
		};
		1ECD120F107105FD00CFD074 /* Resources */ = {
			isa = PBXResourcesBuildPhase;
			buildActionMask = 2147483647;
			files = (
			);
			runOnlyForDeploymentPostprocessing = 0;
		};
		8D5B49AF048680CD000E48DA /* Resources */ = {
			isa = PBXResourcesBuildPhase;
			buildActionMask = 2147483647;
			files = (
				6DB1DD8C08B3A289004F6FFB /* d.xcbuildrules in Resources */,
				6DB1DD9008B3A289004F6FFB /* d.pblangspec in Resources */,
				6DB1DD9108B3A289004F6FFB /* d.pbfilespec in Resources */,
				6DB1DD9208B3A289004F6FFB /* gdc.pbcompspec in Resources */,
				1EFC53D50CC4D6B000B03C7E /* gdc.pblinkspec in Resources */,
				1E1A1AC80CC571F7005B9B65 /* d.xctxtmacro in Resources */,
				1E8672380CC9A5A300DB0990 /* com.michelf.dxcode.gdc.strings in Resources */,
				1E87EAF30CEF7E910038D2D3 /* PBX-d-small-Icon.png in Resources */,
				1E87EAF40CEF7E910038D2D3 /* PBX-di-Icon-old.png in Resources */,
				1E87EAF50CEF7E920038D2D3 /* PBX-di-small-Icon.png in Resources */,
				1E87EAF60CEF7E930038D2D3 /* PBX-d-Icon-old.png in Resources */,
				1E33C6A60CEF82BE00D4FB11 /* D for Xcode Launcher.app in Resources */,
				1E1CA8E20CEF8FFD008CB8B5 /* DX-option-language-d.png in Resources */,
				1ED40E260CF001C3005C46B3 /* InfoPlist.strings in Resources */,
				1E68F1FE0D4B6E58008144DB /* gdc.xcspec in Resources */,
				1E811B940D4BCCF300ECB7DC /* d.xclangspec in Resources */,
				1E0226F30D4CB2E0004C9141 /* d.xcsynspec in Resources */,
				1E65A6390E3192B000AF8BB7 /* PBX-di-Icon.png in Resources */,
				1E65A63A0E3192B000AF8BB7 /* PBX-d-Icon.png in Resources */,
				1EAD1BAB1019BAD000C21009 /* dmd.xcspec in Resources */,
				1EAD1BB61019BE1700C21009 /* dmd.pbcompspec in Resources */,
				1EAD1BB71019BE1700C21009 /* dmd1.pblinkspec in Resources */,
				1E1FCFA7101DD7B400D2919D /* dmd1.xcspec in Resources */,
				1E1FCFA8101DD7B400D2919D /* dmd1.pbcompspec in Resources */,
				1E1FCFAC101DDC9200D2919D /* dmd2.pbcompspec in Resources */,
				1E1FCFAD101DDC9200D2919D /* dmd2.xcspec in Resources */,
				1E7857A3101F6FA000FA2061 /* dmd2.pblinkspec in Resources */,
				1E1D9D5C10222B8D006DE134 /* com.michelf.dxcode.dmd.strings in Resources */,
				1ECD12481071092400CFD074 /* D for Xcode UI.bundle in Resources */,
				1E42460812BE66E200CF7386 /* D for Xcode.xcplugindata in Resources */,
			);
			runOnlyForDeploymentPostprocessing = 0;
		};
/* End PBXResourcesBuildPhase section */

/* Begin PBXShellScriptBuildPhase section */
		1EC647B20DABA85300DD52F0 /* ShellScript */ = {
			isa = PBXShellScriptBuildPhase;
			buildActionMask = 2147483647;
			files = (
			);
			inputPaths = (
			);
			outputPaths = (
			);
			runOnlyForDeploymentPostprocessing = 0;
			shellPath = /bin/sh;
			shellScript = "# Run the unit tests in this test bundle.\n\"${SYSTEM_DEVELOPER_DIR}/Tools/RunUnitTests\"\n";
		};
		1EF3C7D311539BD0001B82F7 /* Prepare Contents */ = {
			isa = PBXShellScriptBuildPhase;
			buildActionMask = 2147483647;
			files = (
			);
			inputPaths = (
			);
			name = "Prepare Contents";
			outputPaths = (
			);
			runOnlyForDeploymentPostprocessing = 0;
			shellPath = /bin/sh;
			shellScript = "\nif [ \"$CONFIGURATION\" != \"Release\" ]\nthen\n\techo \"error: Attempt to package with configuration '$CONFIGURATION'. Can only package in 'Release' configuration.\"\n\texit -1\nfi\n\ncd \"$SRCROOT/Installer\"\nsh prepare-contents.sh\n";
		};
		1EF3CBFA11555EDF001B82F7 /* Create Package */ = {
			isa = PBXShellScriptBuildPhase;
			buildActionMask = 2147483647;
			files = (
			);
			inputPaths = (
			);
			name = "Create Package";
			outputPaths = (
			);
			runOnlyForDeploymentPostprocessing = 0;
			shellPath = /bin/sh;
			shellScript = "\n# Remove old package\nrm -rf \"$TARGET_BUILD_DIR/$TARGET_NAME\"\n\n# Create new package\n$DEVELOPER_BIN_DIR/packagemaker \\\n\t--doc \"$SRCROOT/Installer/D for Xcode.pmdoc\" \\\n\t--out \"$TARGET_BUILD_DIR/$TARGET_NAME\"";
		};
		6DC2AF6E0A33728000AA574F /* Install Custom Icon */ = {
			isa = PBXShellScriptBuildPhase;
			buildActionMask = 2147483647;
			files = (
			);
			inputPaths = (
			);
			name = "Install Custom Icon";
			outputPaths = (
			);
			runOnlyForDeploymentPostprocessing = 0;
			shellPath = /bin/bash;
			shellScript = "\nICON=$PROJECT_DIR/Resources/dplugin.icns\nPRODUCT=$BUILT_PRODUCTS_DIR/$FULL_PRODUCT_NAME\n\n# Skip if setfileicon command line tool is not available\nif test -x \"$(which setfileicon)\"\nthen\n\t\"$(which setfileicon)\" \"$ICON\" \"$PRODUCT\"\nelse\n\tif test -x /usr/local/bin/setfileicon\n\tthen\n\t\t/usr/local/bin/setfileicon \"$ICON\" \"$PRODUCT\"\n\tfi\nfi";
		};
/* End PBXShellScriptBuildPhase section */

/* Begin PBXSourcesBuildPhase section */
		1E23D7170CED5365005859B9 /* Sources */ = {
			isa = PBXSourcesBuildPhase;
			buildActionMask = 2147483647;
			files = (
				1E23D7380CED5488005859B9 /* Launcher.c in Sources */,
			);
			runOnlyForDeploymentPostprocessing = 0;
		};
		1EC647B00DABA85300DD52F0 /* Sources */ = {
			isa = PBXSourcesBuildPhase;
			buildActionMask = 2147483647;
			files = (
				1E01E47A0DED6B7E00CE9033 /* DXDNumberScannerTest.m in Sources */,
				1E01E4930DED70C800CE9033 /* DXScannerTools.m in Sources */,
				1EDC1114105289000087E1DF /* DXDCommentScannerTest.m in Sources */,
				1E30765B1078EFBD00ED4D31 /* DXDStringScannerTest.m in Sources */,
				1E1AB21E1082C0F40077430C /* DXBaseLexerTest.mm in Sources */,
				1E1AB2391082C61D0077430C /* DXBaseLexer.mm in Sources */,
				1E1AB2421082C6440077430C /* DXDependencyScanner.mm in Sources */,
			);
			runOnlyForDeploymentPostprocessing = 0;
		};
		1ECD11FE107105FD00CFD074 /* Sources */ = {
			isa = PBXSourcesBuildPhase;
			buildActionMask = 2147483647;
			files = (
				1ECD13211072513D00CFD074 /* DXDCommentScanner.m in Sources */,
				1E3077BC1079A56D00ED4D31 /* DXDStringScanner.m in Sources */,
				1EB39F64129F6B890023A89F /* DXDNumberScanner.m in Sources */,
				1EB39F65129F6B8B0023A89F /* DXDSourceLexer.mm in Sources */,
			);
			runOnlyForDeploymentPostprocessing = 0;
		};
		1EF3C758115298B8001B82F7 /* Sources */ = {
			isa = PBXSourcesBuildPhase;
			buildActionMask = 2147483647;
			files = (
				1EF3C76011529976001B82F7 /* dmd-redirect.c in Sources */,
			);
			runOnlyForDeploymentPostprocessing = 0;
		};
		1EF3C77211529A2F001B82F7 /* Sources */ = {
			isa = PBXSourcesBuildPhase;
			buildActionMask = 2147483647;
			files = (
				1EF3C77311529A2F001B82F7 /* dmd-redirect.c in Sources */,
			);
			runOnlyForDeploymentPostprocessing = 0;
		};
		8D5B49B1048680CD000E48DA /* Sources */ = {
			isa = PBXSourcesBuildPhase;
			buildActionMask = 2147483647;
			files = (
				6DD2FA0908C39D51003CE4D3 /* XCPBuildSystem.m in Sources */,
				1E6BED340CAE7BF80022460C /* DXDependencyScanner.mm in Sources */,
				1E7179330CB13DE300E82F1C /* DXCompilerSpecificationGDC.m in Sources */,
				1E6D1D130CEF734700DD3D4F /* DXIconSetup.m in Sources */,
				1ECA60C10CF7CB2F006CECB1 /* DXLauncherRegistration.m in Sources */,
				1E3D305F0DEE4DD800AE867B /* DXScannerTools.m in Sources */,
				1E67105C100988A700361CC2 /* DXFileTypeSetup.m in Sources */,
				1EAD1BB01019BC1400C21009 /* DXCompilerSpecificationDMD.m in Sources */,
				1ECD1236107107A800CFD074 /* DXUISetup.m in Sources */,
				1E1A8A6A108223CE0028BDB9 /* DXBaseLexer.mm in Sources */,
			);
			runOnlyForDeploymentPostprocessing = 0;
		};
/* End PBXSourcesBuildPhase section */

/* Begin PBXTargetDependency section */
		1E23D7230CED538F005859B9 /* PBXTargetDependency */ = {
			isa = PBXTargetDependency;
			target = 1E23D7190CED5365005859B9 /* D for Xcode Launcher */;
			targetProxy = 1E23D7220CED538F005859B9 /* PBXContainerItemProxy */;
		};
		1ECD1244107108D400CFD074 /* PBXTargetDependency */ = {
			isa = PBXTargetDependency;
			target = 1ECD11F7107105FD00CFD074 /* D for Xcode UI */;
			targetProxy = 1ECD1243107108D400CFD074 /* PBXContainerItemProxy */;
		};
		1EF3C7DE1153A772001B82F7 /* PBXTargetDependency */ = {
			isa = PBXTargetDependency;
			target = 1EF3C77111529A2F001B82F7 /* dmd2-redirect */;
			targetProxy = 1EF3C7DD1153A772001B82F7 /* PBXContainerItemProxy */;
		};
		1EF3C7E01153A774001B82F7 /* PBXTargetDependency */ = {
			isa = PBXTargetDependency;
			target = 1EF3C75A115298B8001B82F7 /* dmd1-redirect */;
			targetProxy = 1EF3C7DF1153A774001B82F7 /* PBXContainerItemProxy */;
		};
		1EF3C7E21153A777001B82F7 /* PBXTargetDependency */ = {
			isa = PBXTargetDependency;
			target = 8D5B49AC048680CD000E48DA /* D for Xcode */;
			targetProxy = 1EF3C7E11153A777001B82F7 /* PBXContainerItemProxy */;
		};
		1EF3C8261153AAF3001B82F7 /* PBXTargetDependency */ = {
			isa = PBXTargetDependency;
			target = 1EC647B30DABA85300DD52F0 /* Unit Tests */;
			targetProxy = 1EF3C8251153AAF3001B82F7 /* PBXContainerItemProxy */;
		};
/* End PBXTargetDependency section */

/* Begin PBXVariantGroup section */
		1E1D9D5A10222B8D006DE134 /* com.michelf.dxcode.dmd.strings */ = {
			isa = PBXVariantGroup;
			children = (
				1E1D9D5B10222B8D006DE134 /* English */,
			);
			name = com.michelf.dxcode.dmd.strings;
			sourceTree = "<group>";
		};
		1E8672360CC9A5A300DB0990 /* com.michelf.dxcode.gdc.strings */ = {
			isa = PBXVariantGroup;
			children = (
				1E8672370CC9A5A300DB0990 /* English */,
			);
			name = com.michelf.dxcode.gdc.strings;
			sourceTree = "<group>";
		};
		1ED40E250CF001C3005C46B3 /* InfoPlist.strings */ = {
			isa = PBXVariantGroup;
			children = (
				1ED40E210CF001B0005C46B3 /* English */,
			);
			name = InfoPlist.strings;
			sourceTree = "<group>";
		};
/* End PBXVariantGroup section */

/* Begin XCBuildConfiguration section */
		1E23D71E0CED5366005859B9 /* Debug */ = {
			isa = XCBuildConfiguration;
			buildSettings = {
				GCC_OPTIMIZATION_LEVEL = 0;
				INFOPLIST_FILE = "Launcher App/Info.plist";
				PREBINDING = NO;
				PRODUCT_NAME = "D for Xcode Launcher";
				WRAPPER_EXTENSION = app;
			};
			name = Debug;
		};
		1E23D71F0CED5366005859B9 /* Release */ = {
			isa = XCBuildConfiguration;
			buildSettings = {
				ARCHS = (
					ppc,
					i386,
				);
				COPY_PHASE_STRIP = YES;
				INFOPLIST_FILE = "Launcher App/Info.plist";
				PREBINDING = NO;
				PRODUCT_NAME = "D for Xcode Launcher";
				WRAPPER_EXTENSION = app;
			};
			name = Release;
		};
		1EC647B70DABA85800DD52F0 /* Debug */ = {
			isa = XCBuildConfiguration;
			buildSettings = {
				COPY_PHASE_STRIP = NO;
				FRAMEWORK_SEARCH_PATHS = (
					"$(DEVELOPER_LIBRARY_DIR)/Frameworks",
					"$(FRAMEWORK_SEARCH_PATHS_QUOTED_FOR_TARGET_1)",
				);
				FRAMEWORK_SEARCH_PATHS_QUOTED_FOR_TARGET_1 = "\"$(SDK_DIR)/System/Library/Frameworks\"";
				GCC_DYNAMIC_NO_PIC = NO;
				GCC_ENABLE_FIX_AND_CONTINUE = NO;
				GCC_ENABLE_OBJC_EXCEPTIONS = YES;
				GCC_PRECOMPILE_PREFIX_HEADER = YES;
				GCC_PREFIX_HEADER = "$(SYSTEM_LIBRARY_DIR)/Frameworks/Cocoa.framework/Headers/Cocoa.h";
				GCC_PREPROCESSOR_DEFINITIONS = DXD_UNIT_TEST;
				INFOPLIST_FILE = "Unit Tests-Info.plist";
				INSTALL_PATH = "$(USER_LIBRARY_DIR)/Bundles";
				OTHER_LDFLAGS = (
					"-framework",
					Cocoa,
					"-framework",
					SenTestingKit,
				);
				PREBINDING = NO;
				PRODUCT_NAME = "Unit Tests";
				WRAPPER_EXTENSION = octest;
			};
			name = Debug;
		};
		1EC647B80DABA85800DD52F0 /* Release */ = {
			isa = XCBuildConfiguration;
			buildSettings = {
				COPY_PHASE_STRIP = YES;
				DEBUG_INFORMATION_FORMAT = "dwarf-with-dsym";
				FRAMEWORK_SEARCH_PATHS = "$(DEVELOPER_LIBRARY_DIR)/Frameworks";
				FRAMEWORK_SEARCH_PATHS_QUOTED_FOR_TARGET_1 = "\"$(SDK_DIR)/System/Library/Frameworks\"";
				GCC_ENABLE_FIX_AND_CONTINUE = NO;
				GCC_ENABLE_OBJC_EXCEPTIONS = YES;
				GCC_MODEL_TUNING = G5;
				GCC_PRECOMPILE_PREFIX_HEADER = YES;
				GCC_PREFIX_HEADER = "$(SYSTEM_LIBRARY_DIR)/Frameworks/Cocoa.framework/Headers/Cocoa.h";
				GCC_PREPROCESSOR_DEFINITIONS = DXD_UNIT_TEST;
				INFOPLIST_FILE = "Unit Tests-Info.plist";
				INSTALL_PATH = "$(USER_LIBRARY_DIR)/Bundles";
				OTHER_LDFLAGS = (
					"-framework",
					Cocoa,
					"-framework",
					SenTestingKit,
				);
				PREBINDING = NO;
				PRODUCT_NAME = "Unit Tests";
				WRAPPER_EXTENSION = octest;
			};
			name = Release;
		};
		1ECD122E107105FD00CFD074 /* Debug */ = {
			isa = XCBuildConfiguration;
			buildSettings = {
				GCC_ENABLE_OBJC_EXCEPTIONS = YES;
				GENERATE_PKGINFO_FILE = YES;
				INSTALL_PATH = "$(HOME)/Library/Application Support/Apple/Plugins/";
				OTHER_LDFLAGS = (
					"-undefined",
					dynamic_lookup,
				);
				PRODUCT_NAME = "$(TARGET_NAME)";
			};
			name = Debug;
		};
		1ECD122F107105FD00CFD074 /* Release */ = {
			isa = XCBuildConfiguration;
			buildSettings = {
				GCC_ENABLE_OBJC_EXCEPTIONS = YES;
				GENERATE_PKGINFO_FILE = YES;
				INSTALL_PATH = "$(HOME)/Library/Application Support/Developer/2.5/Xcode/Plugins/";
				OTHER_LDFLAGS = (
					"-undefined",
					dynamic_lookup,
				);
				PRODUCT_NAME = "$(TARGET_NAME)";
				STRIP_INSTALLED_PRODUCT = YES;
				STRIP_STYLE = all;
			};
			name = Release;
		};
		1EF3C75D115298B9001B82F7 /* Debug */ = {
			isa = XCBuildConfiguration;
			buildSettings = {
				ALWAYS_SEARCH_USER_PATHS = NO;
				COPY_PHASE_STRIP = NO;
				GCC_DYNAMIC_NO_PIC = NO;
				GCC_ENABLE_FIX_AND_CONTINUE = YES;
				GCC_MODEL_TUNING = G5;
				GCC_OPTIMIZATION_LEVEL = 0;
				GCC_PREPROCESSOR_DEFINITIONS = "DX_DMD_PATH='\"/Library/Compilers/dmd/osx/bin/dmd\"'";
				INSTALL_PATH = /usr/local/bin;
				OTHER_LDFLAGS = (
					"-framework",
					Foundation,
					"-framework",
					AppKit,
				);
				PREBINDING = NO;
				PRODUCT_NAME = "dmd1-redirect";
				VALID_ARCHS = i386;
			};
			name = Debug;
		};
		1EF3C75E115298B9001B82F7 /* Release */ = {
			isa = XCBuildConfiguration;
			buildSettings = {
				ALWAYS_SEARCH_USER_PATHS = NO;
				COPY_PHASE_STRIP = YES;
				DEBUG_INFORMATION_FORMAT = "dwarf-with-dsym";
				GCC_ENABLE_FIX_AND_CONTINUE = NO;
				GCC_MODEL_TUNING = G5;
				GCC_PREPROCESSOR_DEFINITIONS = "DX_DMD_PATH='\"/Library/Compilers/dmd/osx/bin/dmd\"'";
				INSTALL_PATH = /usr/local/bin;
				OTHER_LDFLAGS = (
					"-framework",
					Foundation,
					"-framework",
					AppKit,
				);
				PREBINDING = NO;
				PRODUCT_NAME = "dmd1-redirect";
				VALID_ARCHS = i386;
				ZERO_LINK = NO;
			};
			name = Release;
		};
		1EF3C77611529A2F001B82F7 /* Debug */ = {
			isa = XCBuildConfiguration;
			buildSettings = {
				ALWAYS_SEARCH_USER_PATHS = NO;
				COPY_PHASE_STRIP = NO;
				GCC_DYNAMIC_NO_PIC = NO;
				GCC_ENABLE_FIX_AND_CONTINUE = YES;
				GCC_MODEL_TUNING = G5;
				GCC_OPTIMIZATION_LEVEL = 0;
				GCC_PREPROCESSOR_DEFINITIONS = "DX_DMD_PATH='\"/Library/Compilers/dmd2/osx/bin/dmd\"'";
				INSTALL_PATH = /usr/local/bin;
				OTHER_LDFLAGS = (
					"-framework",
					Foundation,
					"-framework",
					AppKit,
				);
				PREBINDING = NO;
				PRODUCT_NAME = "dmd2-redirect";
				VALID_ARCHS = i386;
			};
			name = Debug;
		};
		1EF3C77711529A2F001B82F7 /* Release */ = {
			isa = XCBuildConfiguration;
			buildSettings = {
				ALWAYS_SEARCH_USER_PATHS = NO;
				COPY_PHASE_STRIP = YES;
				DEBUG_INFORMATION_FORMAT = "dwarf-with-dsym";
				GCC_ENABLE_FIX_AND_CONTINUE = NO;
				GCC_MODEL_TUNING = G5;
				GCC_PREPROCESSOR_DEFINITIONS = "DX_DMD_PATH='\"/Library/Compilers/dmd2/osx/bin/dmd\"'";
				INSTALL_PATH = /usr/local/bin;
				OTHER_LDFLAGS = (
					"-framework",
					Foundation,
					"-framework",
					AppKit,
				);
				PREBINDING = NO;
				PRODUCT_NAME = "dmd2-redirect";
				VALID_ARCHS = i386;
				ZERO_LINK = NO;
			};
			name = Release;
		};
		1EF3C7D511539BD0001B82F7 /* Debug */ = {
			isa = XCBuildConfiguration;
			buildSettings = {
				COPY_PHASE_STRIP = NO;
				GCC_DYNAMIC_NO_PIC = NO;
				GCC_OPTIMIZATION_LEVEL = 0;
				PRODUCT_NAME = Packaging;
			};
			name = Debug;
		};
		1EF3C7D611539BD0001B82F7 /* Release */ = {
			isa = XCBuildConfiguration;
			buildSettings = {
				COPY_PHASE_STRIP = YES;
				DEBUG_INFORMATION_FORMAT = "dwarf-with-dsym";
				GCC_ENABLE_FIX_AND_CONTINUE = NO;
				PRODUCT_NAME = Packaging;
				ZERO_LINK = NO;
			};
			name = Release;
		};
		6D4E1A5E08560B2700084599 /* Debug */ = {
			isa = XCBuildConfiguration;
			buildSettings = {
				GCC_ENABLE_OBJC_EXCEPTIONS = YES;
				GENERATE_PKGINFO_FILE = YES;
				INFOPLIST_FILE = Resources/Info.plist;
				INSTALL_PATH = "$(HOME)/Library/Application Support/Apple/Plugins/";
				OTHER_LDFLAGS = (
					"-undefined",
					dynamic_lookup,
				);
				PRODUCT_NAME = "$(TARGET_NAME)";
				WRAPPER_EXTENSION = xcplugin;
			};
			name = Debug;
		};
		6D4E1A5F08560B2700084599 /* Release */ = {
			isa = XCBuildConfiguration;
			buildSettings = {
				GCC_ENABLE_OBJC_EXCEPTIONS = YES;
				GENERATE_PKGINFO_FILE = YES;
				INFOPLIST_FILE = Resources/Info.plist;
				INSTALL_PATH = "$(HOME)/Library/Application Support/Developer/2.5/Xcode/Plugins/";
				OTHER_LDFLAGS = (
					"-undefined",
					dynamic_lookup,
				);
				PRODUCT_NAME = "$(TARGET_NAME)";
				STRIP_INSTALLED_PRODUCT = YES;
				STRIP_STYLE = all;
				WRAPPER_EXTENSION = xcplugin;
			};
			name = Release;
		};
		6D4E1A6208560B2700084599 /* Debug */ = {
			isa = XCBuildConfiguration;
			buildSettings = {
				GCC_ENABLE_OBJC_GC = supported;
				GCC_PREPROCESSOR_DEFINITIONS_NOT_USED_IN_PRECOMPS = "XCODE_VERSION=23";
				"GCC_VERSION[sdk=macosx10.4][arch=*]" = 4.0;
				MACOSX_DEPLOYMENT_TARGET = 10.4;
				"MACOSX_DEPLOYMENT_TARGET[arch=x86_64]" = 10.5;
				ONLY_LINK_ESSENTIAL_SYMBOLS = YES;
				SDKROOT = macosx10.4;
				"SDKROOT[arch=x86_64]" = macosx10.5;
			};
			name = Debug;
		};
		6D4E1A6308560B2700084599 /* Release */ = {
			isa = XCBuildConfiguration;
			buildSettings = {
				ARCHS = (
					x86_64,
					i386,
					ppc,
				);
				DEAD_CODE_STRIPPING = YES;
				FRAMEWORK_SEARCH_PATHS = "$(DEVELOPER_LIBRARY_DIR)/PrivateFrameworks";
				GCC_ENABLE_OBJC_GC = supported;
				GCC_GENERATE_DEBUGGING_SYMBOLS = NO;
				GCC_PREPROCESSOR_DEFINITIONS_NOT_USED_IN_PRECOMPS = "XCODE_VERSION=23";
				"GCC_VERSION[sdk=macosx10.4][arch=*]" = 4.0;
				MACOSX_DEPLOYMENT_TARGET = 10.4;
				"MACOSX_DEPLOYMENT_TARGET[arch=x86_64]" = 10.5;
				ONLY_LINK_ESSENTIAL_SYMBOLS = YES;
				SDKROOT = macosx10.4;
				"SDKROOT[arch=x86_64]" = macosx10.5;
			};
			name = Release;
		};
/* End XCBuildConfiguration section */

/* Begin XCConfigurationList section */
		1E23D71D0CED5366005859B9 /* Build configuration list for PBXNativeTarget "D for Xcode Launcher" */ = {
			isa = XCConfigurationList;
			buildConfigurations = (
				1E23D71E0CED5366005859B9 /* Debug */,
				1E23D71F0CED5366005859B9 /* Release */,
			);
			defaultConfigurationIsVisible = 0;
			defaultConfigurationName = Release;
		};
		1EC647B90DABA85900DD52F0 /* Build configuration list for PBXNativeTarget "Unit Tests" */ = {
			isa = XCConfigurationList;
			buildConfigurations = (
				1EC647B70DABA85800DD52F0 /* Debug */,
				1EC647B80DABA85800DD52F0 /* Release */,
			);
			defaultConfigurationIsVisible = 0;
			defaultConfigurationName = Release;
		};
		1ECD122D107105FD00CFD074 /* Build configuration list for PBXNativeTarget "D for Xcode UI" */ = {
			isa = XCConfigurationList;
			buildConfigurations = (
				1ECD122E107105FD00CFD074 /* Debug */,
				1ECD122F107105FD00CFD074 /* Release */,
			);
			defaultConfigurationIsVisible = 0;
			defaultConfigurationName = Release;
		};
		1EF3C75F115298D7001B82F7 /* Build configuration list for PBXNativeTarget "dmd1-redirect" */ = {
			isa = XCConfigurationList;
			buildConfigurations = (
				1EF3C75D115298B9001B82F7 /* Debug */,
				1EF3C75E115298B9001B82F7 /* Release */,
			);
			defaultConfigurationIsVisible = 0;
			defaultConfigurationName = Release;
		};
		1EF3C77511529A2F001B82F7 /* Build configuration list for PBXNativeTarget "dmd2-redirect" */ = {
			isa = XCConfigurationList;
			buildConfigurations = (
				1EF3C77611529A2F001B82F7 /* Debug */,
				1EF3C77711529A2F001B82F7 /* Release */,
			);
			defaultConfigurationIsVisible = 0;
			defaultConfigurationName = Release;
		};
		1EF3C7D811539BD8001B82F7 /* Build configuration list for PBXAggregateTarget "D for Xcode.mpkg" */ = {
			isa = XCConfigurationList;
			buildConfigurations = (
				1EF3C7D511539BD0001B82F7 /* Debug */,
				1EF3C7D611539BD0001B82F7 /* Release */,
			);
			defaultConfigurationIsVisible = 0;
			defaultConfigurationName = Release;
		};
		6D4E1A5D08560B2700084599 /* Build configuration list for PBXNativeTarget "D for Xcode" */ = {
			isa = XCConfigurationList;
			buildConfigurations = (
				6D4E1A5E08560B2700084599 /* Debug */,
				6D4E1A5F08560B2700084599 /* Release */,
			);
			defaultConfigurationIsVisible = 0;
			defaultConfigurationName = Release;
		};
		6D4E1A6108560B2700084599 /* Build configuration list for PBXProject "D for Xcode" */ = {
			isa = XCConfigurationList;
			buildConfigurations = (
				6D4E1A6208560B2700084599 /* Debug */,
				6D4E1A6308560B2700084599 /* Release */,
			);
			defaultConfigurationIsVisible = 0;
			defaultConfigurationName = Release;
		};
/* End XCConfigurationList section */
	};
	rootObject = 089C1669FE841209C02AAC07 /* Project object */;
}
